// !$*UTF8*$!
{
	archiveVersion = 1;
	classes = {
	};
	objectVersion = 51;
	objects = {

/* Begin PBXBuildFile section */
		361C372B259A023300889E5A /* UIButton+EnlargeHitArea.m in Sources */ = {isa = PBXBuildFile; fileRef = 361C3729259A023200889E5A /* UIButton+EnlargeHitArea.m */; };
		366B039E24C5476C00CFBDC1 /* AppDelegate.m in Sources */ = {isa = PBXBuildFile; fileRef = 366B039D24C5476C00CFBDC1 /* AppDelegate.m */; };
		366B03A124C5476C00CFBDC1 /* SceneDelegate.m in Sources */ = {isa = PBXBuildFile; fileRef = 366B03A024C5476C00CFBDC1 /* SceneDelegate.m */; };
		366B03A424C5476C00CFBDC1 /* ViewController.m in Sources */ = {isa = PBXBuildFile; fileRef = 366B03A324C5476C00CFBDC1 /* ViewController.m */; };
		366B03A724C5476C00CFBDC1 /* Main.storyboard in Resources */ = {isa = PBXBuildFile; fileRef = 366B03A524C5476C00CFBDC1 /* Main.storyboard */; };
		366B03A924C5476D00CFBDC1 /* Assets.xcassets in Resources */ = {isa = PBXBuildFile; fileRef = 366B03A824C5476D00CFBDC1 /* Assets.xcassets */; };
		366B03AC24C5476D00CFBDC1 /* LaunchScreen.storyboard in Resources */ = {isa = PBXBuildFile; fileRef = 366B03AA24C5476D00CFBDC1 /* LaunchScreen.storyboard */; };
		366B03AF24C5476D00CFBDC1 /* main.m in Sources */ = {isa = PBXBuildFile; fileRef = 366B03AE24C5476D00CFBDC1 /* main.m */; };
		366B03BA24C549F300CFBDC1 /* UIButton+BWButton.m in Sources */ = {isa = PBXBuildFile; fileRef = 366B03B924C549F300CFBDC1 /* UIButton+BWButton.m */; };
		366B03BD24C54A3300CFBDC1 /* UIViewExt.m in Sources */ = {isa = PBXBuildFile; fileRef = 366B03BC24C54A3300CFBDC1 /* UIViewExt.m */; };
		366B03C024C54A5500CFBDC1 /* UIImage+Color.m in Sources */ = {isa = PBXBuildFile; fileRef = 366B03BF24C54A5500CFBDC1 /* UIImage+Color.m */; };
		366B03CE24C969BE00CFBDC1 /* NSObject+UCARDeepCopy.m in Sources */ = {isa = PBXBuildFile; fileRef = 366B03CC24C969BE00CFBDC1 /* NSObject+UCARDeepCopy.m */; };
		CD0A995E0347C0A7DD3F10DB /* libPods-OCKit.a in Frameworks */ = {isa = PBXBuildFile; fileRef = C59DEF9B9B94CD2E81D8CE65 /* libPods-OCKit.a */; };
/* End PBXBuildFile section */

/* Begin PBXFileReference section */
		361C3729259A023200889E5A /* UIButton+EnlargeHitArea.m */ = {isa = PBXFileReference; fileEncoding = 4; lastKnownFileType = sourcecode.c.objc; path = "UIButton+EnlargeHitArea.m"; sourceTree = "<group>"; };
		361C372A259A023200889E5A /* UIButton+EnlargeHitArea.h */ = {isa = PBXFileReference; fileEncoding = 4; lastKnownFileType = sourcecode.c.h; path = "UIButton+EnlargeHitArea.h"; sourceTree = "<group>"; };
		366B039924C5476C00CFBDC1 /* OCKit.app */ = {isa = PBXFileReference; explicitFileType = wrapper.application; includeInIndex = 0; path = OCKit.app; sourceTree = BUILT_PRODUCTS_DIR; };
		366B039C24C5476C00CFBDC1 /* AppDelegate.h */ = {isa = PBXFileReference; lastKnownFileType = sourcecode.c.h; path = AppDelegate.h; sourceTree = "<group>"; };
		366B039D24C5476C00CFBDC1 /* AppDelegate.m */ = {isa = PBXFileReference; lastKnownFileType = sourcecode.c.objc; path = AppDelegate.m; sourceTree = "<group>"; };
		366B039F24C5476C00CFBDC1 /* SceneDelegate.h */ = {isa = PBXFileReference; lastKnownFileType = sourcecode.c.h; path = SceneDelegate.h; sourceTree = "<group>"; };
		366B03A024C5476C00CFBDC1 /* SceneDelegate.m */ = {isa = PBXFileReference; lastKnownFileType = sourcecode.c.objc; path = SceneDelegate.m; sourceTree = "<group>"; };
		366B03A224C5476C00CFBDC1 /* ViewController.h */ = {isa = PBXFileReference; lastKnownFileType = sourcecode.c.h; path = ViewController.h; sourceTree = "<group>"; };
		366B03A324C5476C00CFBDC1 /* ViewController.m */ = {isa = PBXFileReference; lastKnownFileType = sourcecode.c.objc; path = ViewController.m; sourceTree = "<group>"; };
		366B03A624C5476C00CFBDC1 /* Base */ = {isa = PBXFileReference; lastKnownFileType = file.storyboard; name = Base; path = Base.lproj/Main.storyboard; sourceTree = "<group>"; };
		366B03A824C5476D00CFBDC1 /* Assets.xcassets */ = {isa = PBXFileReference; lastKnownFileType = folder.assetcatalog; path = Assets.xcassets; sourceTree = "<group>"; };
		366B03AB24C5476D00CFBDC1 /* Base */ = {isa = PBXFileReference; lastKnownFileType = file.storyboard; name = Base; path = Base.lproj/LaunchScreen.storyboard; sourceTree = "<group>"; };
		366B03AD24C5476D00CFBDC1 /* Info.plist */ = {isa = PBXFileReference; lastKnownFileType = text.plist.xml; path = Info.plist; sourceTree = "<group>"; };
		366B03AE24C5476D00CFBDC1 /* main.m */ = {isa = PBXFileReference; lastKnownFileType = sourcecode.c.objc; path = main.m; sourceTree = "<group>"; };
		366B03B824C549F300CFBDC1 /* UIButton+BWButton.h */ = {isa = PBXFileReference; fileEncoding = 4; lastKnownFileType = sourcecode.c.h; path = "UIButton+BWButton.h"; sourceTree = "<group>"; };
		366B03B924C549F300CFBDC1 /* UIButton+BWButton.m */ = {isa = PBXFileReference; fileEncoding = 4; lastKnownFileType = sourcecode.c.objc; path = "UIButton+BWButton.m"; sourceTree = "<group>"; };
		366B03BB24C54A3300CFBDC1 /* UIViewExt.h */ = {isa = PBXFileReference; fileEncoding = 4; lastKnownFileType = sourcecode.c.h; path = UIViewExt.h; sourceTree = "<group>"; };
		366B03BC24C54A3300CFBDC1 /* UIViewExt.m */ = {isa = PBXFileReference; fileEncoding = 4; lastKnownFileType = sourcecode.c.objc; path = UIViewExt.m; sourceTree = "<group>"; };
		366B03BE24C54A5500CFBDC1 /* UIImage+Color.h */ = {isa = PBXFileReference; fileEncoding = 4; lastKnownFileType = sourcecode.c.h; path = "UIImage+Color.h"; sourceTree = "<group>"; };
		366B03BF24C54A5500CFBDC1 /* UIImage+Color.m */ = {isa = PBXFileReference; fileEncoding = 4; lastKnownFileType = sourcecode.c.objc; path = "UIImage+Color.m"; sourceTree = "<group>"; };
		366B03CC24C969BE00CFBDC1 /* NSObject+UCARDeepCopy.m */ = {isa = PBXFileReference; fileEncoding = 4; lastKnownFileType = sourcecode.c.objc; path = "NSObject+UCARDeepCopy.m"; sourceTree = "<group>"; };
		366B03CD24C969BE00CFBDC1 /* NSObject+UCARDeepCopy.h */ = {isa = PBXFileReference; fileEncoding = 4; lastKnownFileType = sourcecode.c.h; path = "NSObject+UCARDeepCopy.h"; sourceTree = "<group>"; };
		366B03CF24C96A3800CFBDC1 /* OCKit.h */ = {isa = PBXFileReference; lastKnownFileType = sourcecode.c.h; path = OCKit.h; sourceTree = "<group>"; };
		3E08239824860AEC3B751FAC /* Pods-OCKit.release.xcconfig */ = {isa = PBXFileReference; includeInIndex = 1; lastKnownFileType = text.xcconfig; name = "Pods-OCKit.release.xcconfig"; path = "Target Support Files/Pods-OCKit/Pods-OCKit.release.xcconfig"; sourceTree = "<group>"; };
		63A6A1DBE9AB0E3F5F2A6B69 /* Pods-OCKit.debug.xcconfig */ = {isa = PBXFileReference; includeInIndex = 1; lastKnownFileType = text.xcconfig; name = "Pods-OCKit.debug.xcconfig"; path = "Target Support Files/Pods-OCKit/Pods-OCKit.debug.xcconfig"; sourceTree = "<group>"; };
		C59DEF9B9B94CD2E81D8CE65 /* libPods-OCKit.a */ = {isa = PBXFileReference; explicitFileType = archive.ar; includeInIndex = 0; path = "libPods-OCKit.a"; sourceTree = BUILT_PRODUCTS_DIR; };
/* End PBXFileReference section */

/* Begin PBXFrameworksBuildPhase section */
		366B039624C5476C00CFBDC1 /* Frameworks */ = {
			isa = PBXFrameworksBuildPhase;
			buildActionMask = 2147483647;
			files = (
				CD0A995E0347C0A7DD3F10DB /* libPods-OCKit.a in Frameworks */,
			);
			runOnlyForDeploymentPostprocessing = 0;
		};
/* End PBXFrameworksBuildPhase section */

/* Begin PBXGroup section */
		33470E9374EF3FA88097C239 /* Frameworks */ = {
			isa = PBXGroup;
			children = (
				C59DEF9B9B94CD2E81D8CE65 /* libPods-OCKit.a */,
			);
			name = Frameworks;
			sourceTree = "<group>";
		};
		361C372E259A024300889E5A /* Category */ = {
			isa = PBXGroup;
			children = (
				366B03CD24C969BE00CFBDC1 /* NSObject+UCARDeepCopy.h */,
				366B03CC24C969BE00CFBDC1 /* NSObject+UCARDeepCopy.m */,
				366B03B824C549F300CFBDC1 /* UIButton+BWButton.h */,
				366B03B924C549F300CFBDC1 /* UIButton+BWButton.m */,
				366B03BE24C54A5500CFBDC1 /* UIImage+Color.h */,
				366B03BF24C54A5500CFBDC1 /* UIImage+Color.m */,
				361C372A259A023200889E5A /* UIButton+EnlargeHitArea.h */,
				361C3729259A023200889E5A /* UIButton+EnlargeHitArea.m */,
			);
			path = Category;
			sourceTree = "<group>";
		};
		366B039024C5476C00CFBDC1 = {
			isa = PBXGroup;
			children = (
				366B039B24C5476C00CFBDC1 /* OCKit */,
				366B039A24C5476C00CFBDC1 /* Products */,
				F30C9FC41EC88E6D6DAA1ADE /* Pods */,
				33470E9374EF3FA88097C239 /* Frameworks */,
			);
			sourceTree = "<group>";
		};
		366B039A24C5476C00CFBDC1 /* Products */ = {
			isa = PBXGroup;
			children = (
				366B039924C5476C00CFBDC1 /* OCKit.app */,
			);
			name = Products;
			sourceTree = "<group>";
		};
		366B039B24C5476C00CFBDC1 /* OCKit */ = {
			isa = PBXGroup;
			children = (
				366B03B624C549AD00CFBDC1 /* OCKit */,
				366B039C24C5476C00CFBDC1 /* AppDelegate.h */,
				366B039D24C5476C00CFBDC1 /* AppDelegate.m */,
				366B039F24C5476C00CFBDC1 /* SceneDelegate.h */,
				366B03A024C5476C00CFBDC1 /* SceneDelegate.m */,
				366B03A224C5476C00CFBDC1 /* ViewController.h */,
				366B03A324C5476C00CFBDC1 /* ViewController.m */,
				366B03A524C5476C00CFBDC1 /* Main.storyboard */,
				366B03A824C5476D00CFBDC1 /* Assets.xcassets */,
				366B03AA24C5476D00CFBDC1 /* LaunchScreen.storyboard */,
				366B03AD24C5476D00CFBDC1 /* Info.plist */,
				366B03AE24C5476D00CFBDC1 /* main.m */,
			);
			path = OCKit;
			sourceTree = "<group>";
		};
		366B03B524C549A500CFBDC1 /* UI */ = {
			isa = PBXGroup;
			children = (
				366B03BB24C54A3300CFBDC1 /* UIViewExt.h */,
				366B03BC24C54A3300CFBDC1 /* UIViewExt.m */,
			);
			path = UI;
			sourceTree = "<group>";
		};
		366B03B624C549AD00CFBDC1 /* OCKit */ = {
			isa = PBXGroup;
			children = (
				366B03CA24C969AB00CFBDC1 /* Functions */,
				366B03B524C549A500CFBDC1 /* UI */,
				366B03CF24C96A3800CFBDC1 /* OCKit.h */,
			);
			path = OCKit;
			sourceTree = "<group>";
		};
		366B03CA24C969AB00CFBDC1 /* Functions */ = {
			isa = PBXGroup;
			children = (
				361C372E259A024300889E5A /* Category */,
			);
			path = Functions;
			sourceTree = "<group>";
		};
		F30C9FC41EC88E6D6DAA1ADE /* Pods */ = {
			isa = PBXGroup;
			children = (
				63A6A1DBE9AB0E3F5F2A6B69 /* Pods-OCKit.debug.xcconfig */,
				3E08239824860AEC3B751FAC /* Pods-OCKit.release.xcconfig */,
			);
			name = Pods;
			path = ../Pods;
			sourceTree = "<group>";
		};
/* End PBXGroup section */

/* Begin PBXNativeTarget section */
		366B039824C5476C00CFBDC1 /* OCKit */ = {
			isa = PBXNativeTarget;
			buildConfigurationList = 366B03B224C5476D00CFBDC1 /* Build configuration list for PBXNativeTarget "OCKit" */;
			buildPhases = (
				1A5AE856C704223B795BE1A1 /* [CP] Check Pods Manifest.lock */,
				366B039524C5476C00CFBDC1 /* Sources */,
				366B039624C5476C00CFBDC1 /* Frameworks */,
				366B039724C5476C00CFBDC1 /* Resources */,
				47858C4DA7BF751CFC538F7C /* [CP] Copy Pods Resources */,
			);
			buildRules = (
			);
			dependencies = (
			);
			name = OCKit;
			productName = OCKit;
			productReference = 366B039924C5476C00CFBDC1 /* OCKit.app */;
			productType = "com.apple.product-type.application";
		};
/* End PBXNativeTarget section */

/* Begin PBXProject section */
		366B039124C5476C00CFBDC1 /* Project object */ = {
			isa = PBXProject;
			attributes = {
				LastUpgradeCheck = 1130;
				ORGANIZATIONNAME = wb;
				TargetAttributes = {
					366B039824C5476C00CFBDC1 = {
						CreatedOnToolsVersion = 11.3.1;
					};
				};
			};
			buildConfigurationList = 366B039424C5476C00CFBDC1 /* Build configuration list for PBXProject "OCKit" */;
			compatibilityVersion = "Xcode 9.3";
			developmentRegion = en;
			hasScannedForEncodings = 0;
			knownRegions = (
				en,
				Base,
			);
			mainGroup = 366B039024C5476C00CFBDC1;
			productRefGroup = 366B039A24C5476C00CFBDC1 /* Products */;
			projectDirPath = "";
			projectRoot = "";
			targets = (
				366B039824C5476C00CFBDC1 /* OCKit */,
			);
		};
/* End PBXProject section */

/* Begin PBXResourcesBuildPhase section */
		366B039724C5476C00CFBDC1 /* Resources */ = {
			isa = PBXResourcesBuildPhase;
			buildActionMask = 2147483647;
			files = (
				366B03AC24C5476D00CFBDC1 /* LaunchScreen.storyboard in Resources */,
				366B03A924C5476D00CFBDC1 /* Assets.xcassets in Resources */,
				366B03A724C5476C00CFBDC1 /* Main.storyboard in Resources */,
			);
			runOnlyForDeploymentPostprocessing = 0;
		};
/* End PBXResourcesBuildPhase section */

/* Begin PBXShellScriptBuildPhase section */
		1A5AE856C704223B795BE1A1 /* [CP] Check Pods Manifest.lock */ = {
			isa = PBXShellScriptBuildPhase;
			buildActionMask = 2147483647;
			files = (
			);
			inputFileListPaths = (
			);
			inputPaths = (
				"${PODS_PODFILE_DIR_PATH}/Podfile.lock",
				"${PODS_ROOT}/Manifest.lock",
			);
			name = "[CP] Check Pods Manifest.lock";
			outputFileListPaths = (
			);
			outputPaths = (
				"$(DERIVED_FILE_DIR)/Pods-OCKit-checkManifestLockResult.txt",
			);
			runOnlyForDeploymentPostprocessing = 0;
			shellPath = /bin/sh;
			shellScript = "diff \"${PODS_PODFILE_DIR_PATH}/Podfile.lock\" \"${PODS_ROOT}/Manifest.lock\" > /dev/null\nif [ $? != 0 ] ; then\n    # print error to STDERR\n    echo \"error: The sandbox is not in sync with the Podfile.lock. Run 'pod install' or update your CocoaPods installation.\" >&2\n    exit 1\nfi\n# This output is used by Xcode 'outputs' to avoid re-running this script phase.\necho \"SUCCESS\" > \"${SCRIPT_OUTPUT_FILE_0}\"\n";
			showEnvVarsInLog = 0;
		};
		47858C4DA7BF751CFC538F7C /* [CP] Copy Pods Resources */ = {
			isa = PBXShellScriptBuildPhase;
			buildActionMask = 2147483647;
			files = (
			);
			inputFileListPaths = (
				"${PODS_ROOT}/Target Support Files/Pods-OCKit/Pods-OCKit-resources-${CONFIGURATION}-input-files.xcfilelist",
			);
			name = "[CP] Copy Pods Resources";
			outputFileListPaths = (
				"${PODS_ROOT}/Target Support Files/Pods-OCKit/Pods-OCKit-resources-${CONFIGURATION}-output-files.xcfilelist",
			);
			runOnlyForDeploymentPostprocessing = 0;
			shellPath = /bin/sh;
			shellScript = "\"${PODS_ROOT}/Target Support Files/Pods-OCKit/Pods-OCKit-resources.sh\"\n";
			showEnvVarsInLog = 0;
		};
/* End PBXShellScriptBuildPhase section */

/* Begin PBXSourcesBuildPhase section */
		366B039524C5476C00CFBDC1 /* Sources */ = {
			isa = PBXSourcesBuildPhase;
			buildActionMask = 2147483647;
			files = (
				366B03BA24C549F300CFBDC1 /* UIButton+BWButton.m in Sources */,
				361C372B259A023300889E5A /* UIButton+EnlargeHitArea.m in Sources */,
				366B03CE24C969BE00CFBDC1 /* NSObject+UCARDeepCopy.m in Sources */,
				366B03A424C5476C00CFBDC1 /* ViewController.m in Sources */,
				366B03C024C54A5500CFBDC1 /* UIImage+Color.m in Sources */,
				366B039E24C5476C00CFBDC1 /* AppDelegate.m in Sources */,
				366B03AF24C5476D00CFBDC1 /* main.m in Sources */,
				366B03BD24C54A3300CFBDC1 /* UIViewExt.m in Sources */,
				366B03A124C5476C00CFBDC1 /* SceneDelegate.m in Sources */,
			);
			runOnlyForDeploymentPostprocessing = 0;
		};
/* End PBXSourcesBuildPhase section */

/* Begin PBXVariantGroup section */
		366B03A524C5476C00CFBDC1 /* Main.storyboard */ = {
			isa = PBXVariantGroup;
			children = (
				366B03A624C5476C00CFBDC1 /* Base */,
			);
			name = Main.storyboard;
			sourceTree = "<group>";
		};
		366B03AA24C5476D00CFBDC1 /* LaunchScreen.storyboard */ = {
			isa = PBXVariantGroup;
			children = (
				366B03AB24C5476D00CFBDC1 /* Base */,
			);
			name = LaunchScreen.storyboard;
			sourceTree = "<group>";
		};
/* End PBXVariantGroup section */

/* Begin XCBuildConfiguration section */
		366B03B024C5476D00CFBDC1 /* Debug */ = {
			isa = XCBuildConfiguration;
			buildSettings = {
				ALWAYS_SEARCH_USER_PATHS = NO;
				CLANG_ANALYZER_NONNULL = YES;
				CLANG_ANALYZER_NUMBER_OBJECT_CONVERSION = YES_AGGRESSIVE;
				CLANG_CXX_LANGUAGE_STANDARD = "gnu++14";
				CLANG_CXX_LIBRARY = "libc++";
				CLANG_ENABLE_MODULES = YES;
				CLANG_ENABLE_OBJC_ARC = YES;
				CLANG_ENABLE_OBJC_WEAK = YES;
				CLANG_WARN_BLOCK_CAPTURE_AUTORELEASING = YES;
				CLANG_WARN_BOOL_CONVERSION = YES;
				CLANG_WARN_COMMA = YES;
				CLANG_WARN_CONSTANT_CONVERSION = YES;
				CLANG_WARN_DEPRECATED_OBJC_IMPLEMENTATIONS = YES;
				CLANG_WARN_DIRECT_OBJC_ISA_USAGE = YES_ERROR;
				CLANG_WARN_DOCUMENTATION_COMMENTS = YES;
				CLANG_WARN_EMPTY_BODY = YES;
				CLANG_WARN_ENUM_CONVERSION = YES;
				CLANG_WARN_INFINITE_RECURSION = YES;
				CLANG_WARN_INT_CONVERSION = YES;
				CLANG_WARN_NON_LITERAL_NULL_CONVERSION = YES;
				CLANG_WARN_OBJC_IMPLICIT_RETAIN_SELF = YES;
				CLANG_WARN_OBJC_LITERAL_CONVERSION = YES;
				CLANG_WARN_OBJC_ROOT_CLASS = YES_ERROR;
				CLANG_WARN_RANGE_LOOP_ANALYSIS = YES;
				CLANG_WARN_STRICT_PROTOTYPES = YES;
				CLANG_WARN_SUSPICIOUS_MOVE = YES;
				CLANG_WARN_UNGUARDED_AVAILABILITY = YES_AGGRESSIVE;
				CLANG_WARN_UNREACHABLE_CODE = YES;
				CLANG_WARN__DUPLICATE_METHOD_MATCH = YES;
				COPY_PHASE_STRIP = NO;
				DEBUG_INFORMATION_FORMAT = dwarf;
				ENABLE_STRICT_OBJC_MSGSEND = YES;
				ENABLE_TESTABILITY = YES;
				GCC_C_LANGUAGE_STANDARD = gnu11;
				GCC_DYNAMIC_NO_PIC = NO;
				GCC_NO_COMMON_BLOCKS = YES;
				GCC_OPTIMIZATION_LEVEL = 0;
				GCC_PREPROCESSOR_DEFINITIONS = (
					"DEBUG=1",
					"$(inherited)",
				);
				GCC_WARN_64_TO_32_BIT_CONVERSION = YES;
				GCC_WARN_ABOUT_RETURN_TYPE = YES_ERROR;
				GCC_WARN_UNDECLARED_SELECTOR = YES;
				GCC_WARN_UNINITIALIZED_AUTOS = YES_AGGRESSIVE;
				GCC_WARN_UNUSED_FUNCTION = YES;
				GCC_WARN_UNUSED_VARIABLE = YES;
				IPHONEOS_DEPLOYMENT_TARGET = 13.2;
				MTL_ENABLE_DEBUG_INFO = INCLUDE_SOURCE;
				MTL_FAST_MATH = YES;
				ONLY_ACTIVE_ARCH = YES;
				SDKROOT = iphoneos;
			};
			name = Debug;
		};
		366B03B124C5476D00CFBDC1 /* Release */ = {
			isa = XCBuildConfiguration;
			buildSettings = {
				ALWAYS_SEARCH_USER_PATHS = NO;
				CLANG_ANALYZER_NONNULL = YES;
				CLANG_ANALYZER_NUMBER_OBJECT_CONVERSION = YES_AGGRESSIVE;
				CLANG_CXX_LANGUAGE_STANDARD = "gnu++14";
				CLANG_CXX_LIBRARY = "libc++";
				CLANG_ENABLE_MODULES = YES;
				CLANG_ENABLE_OBJC_ARC = YES;
				CLANG_ENABLE_OBJC_WEAK = YES;
				CLANG_WARN_BLOCK_CAPTURE_AUTORELEASING = YES;
				CLANG_WARN_BOOL_CONVERSION = YES;
				CLANG_WARN_COMMA = YES;
				CLANG_WARN_CONSTANT_CONVERSION = YES;
				CLANG_WARN_DEPRECATED_OBJC_IMPLEMENTATIONS = YES;
				CLANG_WARN_DIRECT_OBJC_ISA_USAGE = YES_ERROR;
				CLANG_WARN_DOCUMENTATION_COMMENTS = YES;
				CLANG_WARN_EMPTY_BODY = YES;
				CLANG_WARN_ENUM_CONVERSION = YES;
				CLANG_WARN_INFINITE_RECURSION = YES;
				CLANG_WARN_INT_CONVERSION = YES;
				CLANG_WARN_NON_LITERAL_NULL_CONVERSION = YES;
				CLANG_WARN_OBJC_IMPLICIT_RETAIN_SELF = YES;
				CLANG_WARN_OBJC_LITERAL_CONVERSION = YES;
				CLANG_WARN_OBJC_ROOT_CLASS = YES_ERROR;
				CLANG_WARN_RANGE_LOOP_ANALYSIS = YES;
				CLANG_WARN_STRICT_PROTOTYPES = YES;
				CLANG_WARN_SUSPICIOUS_MOVE = YES;
				CLANG_WARN_UNGUARDED_AVAILABILITY = YES_AGGRESSIVE;
				CLANG_WARN_UNREACHABLE_CODE = YES;
				CLANG_WARN__DUPLICATE_METHOD_MATCH = YES;
				COPY_PHASE_STRIP = NO;
				DEBUG_INFORMATION_FORMAT = "dwarf-with-dsym";
				ENABLE_NS_ASSERTIONS = NO;
				ENABLE_STRICT_OBJC_MSGSEND = YES;
				GCC_C_LANGUAGE_STANDARD = gnu11;
				GCC_NO_COMMON_BLOCKS = YES;
				GCC_WARN_64_TO_32_BIT_CONVERSION = YES;
				GCC_WARN_ABOUT_RETURN_TYPE = YES_ERROR;
				GCC_WARN_UNDECLARED_SELECTOR = YES;
				GCC_WARN_UNINITIALIZED_AUTOS = YES_AGGRESSIVE;
				GCC_WARN_UNUSED_FUNCTION = YES;
				GCC_WARN_UNUSED_VARIABLE = YES;
				IPHONEOS_DEPLOYMENT_TARGET = 13.2;
				MTL_ENABLE_DEBUG_INFO = NO;
				MTL_FAST_MATH = YES;
				SDKROOT = iphoneos;
				VALIDATE_PRODUCT = YES;
			};
			name = Release;
		};
		366B03B324C5476D00CFBDC1 /* Debug */ = {
			isa = XCBuildConfiguration;
			baseConfigurationReference = 63A6A1DBE9AB0E3F5F2A6B69 /* Pods-OCKit.debug.xcconfig */;
			buildSettings = {
				ASSETCATALOG_COMPILER_APPICON_NAME = AppIcon;
				CODE_SIGN_STYLE = Automatic;
				INFOPLIST_FILE = OCKit/Info.plist;
				IPHONEOS_DEPLOYMENT_TARGET = 13.0;
				LD_RUNPATH_SEARCH_PATHS = (
					"$(inherited)",
					"@executable_path/Frameworks",
				);
				PRODUCT_BUNDLE_IDENTIFIER = com.wb.OCKit;
				PRODUCT_NAME = "$(TARGET_NAME)";
				TARGETED_DEVICE_FAMILY = "1,2";
			};
			name = Debug;
		};
		366B03B424C5476D00CFBDC1 /* Release */ = {
			isa = XCBuildConfiguration;
			baseConfigurationReference = 3E08239824860AEC3B751FAC /* Pods-OCKit.release.xcconfig */;
			buildSettings = {
				ASSETCATALOG_COMPILER_APPICON_NAME = AppIcon;
				CODE_SIGN_STYLE = Automatic;
				INFOPLIST_FILE = OCKit/Info.plist;
				IPHONEOS_DEPLOYMENT_TARGET = 13.0;
				LD_RUNPATH_SEARCH_PATHS = (
					"$(inherited)",
					"@executable_path/Frameworks",
				);
				PRODUCT_BUNDLE_IDENTIFIER = com.wb.OCKit;
				PRODUCT_NAME = "$(TARGET_NAME)";
				TARGETED_DEVICE_FAMILY = "1,2";
			};
			name = Release;
		};
/* End XCBuildConfiguration section */

/* Begin XCConfigurationList section */
		366B039424C5476C00CFBDC1 /* Build configuration list for PBXProject "OCKit" */ = {
			isa = XCConfigurationList;
			buildConfigurations = (
				366B03B024C5476D00CFBDC1 /* Debug */,
				366B03B124C5476D00CFBDC1 /* Release */,
			);
			defaultConfigurationIsVisible = 0;
			defaultConfigurationName = Release;
		};
		366B03B224C5476D00CFBDC1 /* Build configuration list for PBXNativeTarget "OCKit" */ = {
			isa = XCConfigurationList;
			buildConfigurations = (
				366B03B324C5476D00CFBDC1 /* Debug */,
				366B03B424C5476D00CFBDC1 /* Release */,
			);
			defaultConfigurationIsVisible = 0;
			defaultConfigurationName = Release;
		};
/* End XCConfigurationList section */
	};
	rootObject = 366B039124C5476C00CFBDC1 /* Project object */;
}
